{
  "name": "DiscordDeleteMsgSelfBot",
  "lockfileVersion": 2,
  "requires": true,
  "packages": {
    "": {
      "dependencies": {
        "@discordjs/core": "^1.0.0",
        "discord.js": "11.5.1",
        "dotenv": "^16.3.1",
        "prompt-sync": "^4.2.0"
      }
    },
    "node_modules/@discordjs/collection": {
      "version": "1.5.2",
      "resolved": "https://registry.npmjs.org/@discordjs/collection/-/collection-1.5.2.tgz",
      "integrity": "sha512-LDplPy8SPbc8MYkuCdnLRGWqygAX97E8NH7gA9uz+NZ/hXknUKJHuxsOmhC6pmHnF9Zmg0kvfwrDjGsRIljt9g==",
      "engines": {
        "node": ">=16.9.0"
      }
    },
    "node_modules/@discordjs/core": {
      "version": "1.0.0",
      "resolved": "https://registry.npmjs.org/@discordjs/core/-/core-1.0.0.tgz",
      "integrity": "sha512-NmCv8Ebm1ieszEEOVUeS9k6kq9lC/O4OpwU3BCfMgrRUuTh/+q61a616Ayciqzao9c1tfdoZ3AgC8mrxxDZ3oQ==",
      "dependencies": {
        "@discordjs/rest": "^2.0.0",
        "@discordjs/util": "^1.0.0",
        "@discordjs/ws": "^1.0.0",
        "@sapphire/snowflake": "^3.5.1",
        "@vladfrangu/async_event_emitter": "^2.2.2",
        "discord-api-types": "^0.37.50"
      },
      "engines": {
        "node": ">=16.9.0"
      }
    },
    "node_modules/@discordjs/rest": {
      "version": "2.0.0",
      "resolved": "https://registry.npmjs.org/@discordjs/rest/-/rest-2.0.0.tgz",
      "integrity": "sha512-CW9ldfzsRzUbHcS4Oqu5+Moo+yrQ5qQ9groKNxPOzcoq2nuXa/fXOXkuQtQHcTeSVXsC9cmJ56M8gBDBUyLgGA==",
      "dependencies": {
        "@discordjs/collection": "^1.5.2",
        "@discordjs/util": "^1.0.0",
        "@sapphire/async-queue": "^1.5.0",
        "@sapphire/snowflake": "^3.5.1",
        "@vladfrangu/async_event_emitter": "^2.2.2",
        "discord-api-types": "^0.37.50",
        "magic-bytes.js": "^1.0.15",
        "tslib": "^2.6.1",
        "undici": "^5.22.1"
      },
      "engines": {
        "node": ">=16.9.0"
      }
    },
    "node_modules/@discordjs/util": {
      "version": "1.0.0",
      "resolved": "https://registry.npmjs.org/@discordjs/util/-/util-1.0.0.tgz",
      "integrity": "sha512-U2Iiab0mo8cFe+o4ZY4GROoAetGjFYA1PhhxiXEW82LuPUjOU/seHZDtVjDpOf6n3rz4IRm84wNtgHdpqRY5CA==",
      "engines": {
        "node": ">=16.9.0"
      }
    },
    "node_modules/@discordjs/uws": {
      "version": "10.149.0",
      "resolved": "https://registry.npmjs.org/@discordjs/uws/-/uws-10.149.0.tgz",
      "integrity": "sha512-N1wjoAD2DOgzevqzyTOWTgyO2divX03JWNQx4JHm/jQ/BRzZNkhwVRO3RC5Guww+srdgs4Tw4gwrzlJrlOhq/Q==",
      "deprecated": "Package no longer supported. Contact Support at https://www.npmjs.com/support for more info.",
      "hasInstallScript": true,
      "peer": true,
      "engines": {
        "node": ">=6.0.0"
      }
    },
    "node_modules/@discordjs/ws": {
      "version": "1.0.0",
      "resolved": "https://registry.npmjs.org/@discordjs/ws/-/ws-1.0.0.tgz",
      "integrity": "sha512-POiImjuQJzwCxjJs4JCtDcTjzvjVsVQbnsaoW/F03yTVdrj/xSpmgv4383AnpNEYXI+CA6ggkz37phZDsZQ1NQ==",
      "dependencies": {
        "@discordjs/collection": "^1.5.2",
        "@discordjs/rest": "^2.0.0",
        "@discordjs/util": "^1.0.0",
        "@sapphire/async-queue": "^1.5.0",
        "@types/ws": "^8.5.5",
        "@vladfrangu/async_event_emitter": "^2.2.2",
        "discord-api-types": "^0.37.50",
        "tslib": "^2.6.1",
        "ws": "^8.13.0"
      },
      "engines": {
        "node": ">=16.9.0"
      }
    },
    "node_modules/@sapphire/async-queue": {
      "version": "1.5.0",
      "resolved": "https://registry.npmjs.org/@sapphire/async-queue/-/async-queue-1.5.0.tgz",
      "integrity": "sha512-JkLdIsP8fPAdh9ZZjrbHWR/+mZj0wvKS5ICibcLrRI1j84UmLMshx5n9QmL8b95d4onJ2xxiyugTgSAX7AalmA==",
      "engines": {
        "node": ">=v14.0.0",
        "npm": ">=7.0.0"
      }
    },
    "node_modules/@sapphire/snowflake": {
      "version": "3.5.1",
      "resolved": "https://registry.npmjs.org/@sapphire/snowflake/-/snowflake-3.5.1.tgz",
      "integrity": "sha512-BxcYGzgEsdlG0dKAyOm0ehLGm2CafIrfQTZGWgkfKYbj+pNNsorZ7EotuZukc2MT70E0UbppVbtpBrqpzVzjNA==",
      "engines": {
        "node": ">=v14.0.0",
        "npm": ">=7.0.0"
      }
    },
    "node_modules/@types/node": {
      "version": "20.4.9",
      "resolved": "https://registry.npmjs.org/@types/node/-/node-20.4.9.tgz",
      "integrity": "sha512-8e2HYcg7ohnTUbHk8focoklEQYvemQmu9M/f43DZVx43kHn0tE3BY/6gSDxS7k0SprtS0NHvj+L80cGLnoOUcQ=="
    },
    "node_modules/@types/ws": {
      "version": "8.5.5",
      "resolved": "https://registry.npmjs.org/@types/ws/-/ws-8.5.5.tgz",
      "integrity": "sha512-lwhs8hktwxSjf9UaZ9tG5M03PGogvFaH8gUgLNbN9HKIg0dvv6q+gkSuJ8HN4/VbyxkuLzCjlN7GquQ0gUJfIg==",
      "dependencies": {
        "@types/node": "*"
      }
    },
    "node_modules/@vladfrangu/async_event_emitter": {
      "version": "2.2.2",
      "resolved": "https://registry.npmjs.org/@vladfrangu/async_event_emitter/-/async_event_emitter-2.2.2.tgz",
      "integrity": "sha512-HIzRG7sy88UZjBJamssEczH5q7t5+axva19UbZLO6u0ySbYPrwzWiXBcC0WuHyhKKoeCyneH+FvYzKQq/zTtkQ==",
      "engines": {
        "node": ">=v14.0.0",
        "npm": ">=7.0.0"
      }
    },
    "node_modules/ansi-regex": {
      "version": "4.1.1",
      "resolved": "https://registry.npmjs.org/ansi-regex/-/ansi-regex-4.1.1.tgz",
      "integrity": "sha512-ILlv4k/3f6vfQ4OoP2AGvirOktlQ98ZEL1k9FaQjxa3L1abBgbuTDAdPOpvbGncC0BTVQrl+OM8xZGK6tWXt7g==",
      "engines": {
        "node": ">=6"
      }
    },
    "node_modules/async-limiter": {
      "version": "1.0.1",
      "resolved": "https://registry.npmjs.org/async-limiter/-/async-limiter-1.0.1.tgz",
      "integrity": "sha512-csOlWGAcRFJaI6m+F2WKdnMKr4HhdhFVBk0H/QbJFMCr+uO2kwohwXQPxw/9OCxp05r5ghVBFSyioixx3gfkNQ=="
    },
    "node_modules/busboy": {
      "version": "1.6.0",
      "resolved": "https://registry.npmjs.org/busboy/-/busboy-1.6.0.tgz",
      "integrity": "sha512-8SFQbg/0hQ9xy3UNTB0YEnsNBbWfhf7RtnzpL7TkBiTBRfrQ9Fxcnz7VJsleJpyp6rVLvXiuORqjlHi5q+PYuA==",
      "dependencies": {
        "streamsearch": "^1.1.0"
      },
      "engines": {
        "node": ">=10.16.0"
      }
    },
    "node_modules/discord-api-types": {
      "version": "0.37.52",
      "resolved": "https://registry.npmjs.org/discord-api-types/-/discord-api-types-0.37.52.tgz",
      "integrity": "sha512-TP99aMgY6rHuDIy056GDm1j2nGOcaLbFpjVbvAmv6N6vhkjHNqHXCHVqKtGisaQ8D15slbxTHNl/SSkPdx2syg=="
    },
    "node_modules/discord.js": {
      "version": "11.5.1",
      "resolved": "https://registry.npmjs.org/discord.js/-/discord.js-11.5.1.tgz",
      "integrity": "sha512-tGhV5xaZXE3Z+4uXJb3hYM6gQ1NmnSxp9PClcsSAYFVRzH6AJH74040mO3afPDMWEAlj8XsoPXXTJHTxesqcGw==",
      "deprecated": "no longer supported",
      "dependencies": {
        "long": "^4.0.0",
        "prism-media": "^0.0.3",
        "snekfetch": "^3.6.4",
        "tweetnacl": "^1.0.0",
        "ws": "^6.0.0"
      },
      "engines": {
        "node": ">=6.0.0"
      },
      "peerDependencies": {
        "@discordjs/uws": "^10.149.0",
        "bufferutil": "^4.0.0",
        "erlpack": "discordapp/erlpack",
        "libsodium-wrappers": "^0.7.3",
        "node-opus": "^0.2.7",
        "opusscript": "^0.0.6",
        "sodium": "^2.0.3"
      },
      "peerDependenciesMeta": {
        "bufferutil": {
          "optional": true
        },
        "erlpack": {
          "optional": true
        },
        "libsodium-wrappers": {
          "optional": true
        },
        "node-opus": {
          "optional": true
        },
        "opusscript": {
          "optional": true
        },
        "sodium": {
          "optional": true
        },
        "uws": {
          "optional": true
        }
      }
    },
    "node_modules/discord.js/node_modules/ws": {
      "version": "6.2.2",
      "resolved": "https://registry.npmjs.org/ws/-/ws-6.2.2.tgz",
      "integrity": "sha512-zmhltoSR8u1cnDsD43TX59mzoMZsLKqUweyYBAIvTngR3shc0W6aOZylZmq/7hqyVxPdi+5Ud2QInblgyE72fw==",
      "dependencies": {
        "async-limiter": "~1.0.0"
      }
    },
    "node_modules/dotenv": {
      "version": "16.3.1",
      "resolved": "https://registry.npmjs.org/dotenv/-/dotenv-16.3.1.tgz",
      "integrity": "sha512-IPzF4w4/Rd94bA9imS68tZBaYyBWSCE47V1RGuMrB94iyTOIEwRmVL2x/4An+6mETpLrKJ5hQkB8W4kFAadeIQ==",
      "engines": {
        "node": ">=12"
      },
      "funding": {
        "url": "https://github.com/motdotla/dotenv?sponsor=1"
      }
    },
    "node_modules/long": {
      "version": "4.0.0",
      "resolved": "https://registry.npmjs.org/long/-/long-4.0.0.tgz",
      "integrity": "sha512-XsP+KhQif4bjX1kbuSiySJFNAehNxgLb6hPRGJ9QsUr8ajHkuXGdrHmFUTUUXhDwVX2R5bY4JNZEwbUiMhV+MA=="
    },
    "node_modules/magic-bytes.js": {
      "version": "1.0.15",
      "resolved": "https://registry.npmjs.org/magic-bytes.js/-/magic-bytes.js-1.0.15.tgz",
      "integrity": "sha512-bpRmwbRHqongRhA+mXzbLWjVy7ylqmfMBYaQkSs6pac0z6hBTvsgrH0r4FBYd/UYVJBmS6Rp/O+oCCQVLzKV1g=="
    },
    "node_modules/prism-media": {
      "version": "0.0.3",
      "resolved": "https://registry.npmjs.org/prism-media/-/prism-media-0.0.3.tgz",
      "integrity": "sha512-c9KkNifSMU/iXT8FFTaBwBMr+rdVcN+H/uNv1o+CuFeTThNZNTOrQ+RgXA1yL/DeLk098duAeRPP3QNPNbhxYQ=="
    },
    "node_modules/prompt-sync": {
      "version": "4.2.0",
      "resolved": "https://registry.npmjs.org/prompt-sync/-/prompt-sync-4.2.0.tgz",
      "integrity": "sha512-BuEzzc5zptP5LsgV5MZETjDaKSWfchl5U9Luiu8SKp7iZWD5tZalOxvNcZRwv+d2phNFr8xlbxmFNcRKfJOzJw==",
      "dependencies": {
        "strip-ansi": "^5.0.0"
      }
    },
    "node_modules/snekfetch": {
      "version": "3.6.4",
      "resolved": "https://registry.npmjs.org/snekfetch/-/snekfetch-3.6.4.tgz",
      "integrity": "sha512-NjxjITIj04Ffqid5lqr7XdgwM7X61c/Dns073Ly170bPQHLm6jkmelye/eglS++1nfTWktpP6Y2bFXjdPlQqdw==",
      "deprecated": "use node-fetch instead"
    },
    "node_modules/streamsearch": {
      "version": "1.1.0",
      "resolved": "https://registry.npmjs.org/streamsearch/-/streamsearch-1.1.0.tgz",
      "integrity": "sha512-Mcc5wHehp9aXz1ax6bZUyY5afg9u2rv5cqQI3mRrYkGC8rW2hM02jWuwjtL++LS5qinSyhj2QfLyNsuc+VsExg==",
      "engines": {
        "node": ">=10.0.0"
      }
    },
    "node_modules/strip-ansi": {
      "version": "5.2.0",
      "resolved": "https://registry.npmjs.org/strip-ansi/-/strip-ansi-5.2.0.tgz",
      "integrity": "sha512-DuRs1gKbBqsMKIZlrffwlug8MHkcnpjs5VPmL1PAh+mA30U0DTotfDZ0d2UUsXpPmPmMMJ6W773MaA3J+lbiWA==",
      "dependencies": {
        "ansi-regex": "^4.1.0"
      },
      "engines": {
        "node": ">=6"
      }
    },
    "node_modules/tslib": {
      "version": "2.6.1",
      "resolved": "https://registry.npmjs.org/tslib/-/tslib-2.6.1.tgz",
      "integrity": "sha512-t0hLfiEKfMUoqhG+U1oid7Pva4bbDPHYfJNiB7BiIjRkj1pyC++4N3huJfqY6aRH6VTB0rvtzQwjM4K6qpfOig=="
    },
    "node_modules/tweetnacl": {
      "version": "1.0.3",
      "resolved": "https://registry.npmjs.org/tweetnacl/-/tweetnacl-1.0.3.tgz",
      "integrity": "sha512-6rt+RN7aOi1nGMyC4Xa5DdYiukl2UWCbcJft7YhxReBGQD7OAM8Pbxw6YMo4r2diNEA8FEmu32YOn9rhaiE5yw=="
    },
    "node_modules/undici": {
      "version": "5.23.0",
      "resolved": "https://registry.npmjs.org/undici/-/undici-5.23.0.tgz",
      "integrity": "sha512-1D7w+fvRsqlQ9GscLBwcAJinqcZGHUKjbOmXdlE/v8BvEGXjeWAax+341q44EuTcHXXnfyKNbKRq4Lg7OzhMmg==",
      "dependencies": {
        "busboy": "^1.6.0"
      },
      "engines": {
        "node": ">=14.0"
      }
    },
    "node_modules/ws": {
      "version": "8.13.0",
      "resolved": "https://registry.npmjs.org/ws/-/ws-8.13.0.tgz",
      "integrity": "sha512-x9vcZYTrFPC7aSIbj7sRCYo7L/Xb8Iy+pW0ng0wt2vCJv7M9HOMy0UoN3rr+IFC7hb7vXoqS+P9ktyLLLhO+LA==",
      "engines": {
        "node": ">=10.0.0"
      },
      "peerDependencies": {
        "bufferutil": "^4.0.1",
        "utf-8-validate": ">=5.0.2"
      },
      "peerDependenciesMeta": {
        "bufferutil": {
          "optional": true
        },
        "utf-8-validate": {
          "optional": true
        }
      }
    }
  },
  "dependencies": {
    "@discordjs/collection": {
      "version": "1.5.2",
      "resolved": "https://registry.npmjs.org/@discordjs/collection/-/collection-1.5.2.tgz",
      "integrity": "sha512-LDplPy8SPbc8MYkuCdnLRGWqygAX97E8NH7gA9uz+NZ/hXknUKJHuxsOmhC6pmHnF9Zmg0kvfwrDjGsRIljt9g=="
    },
    "@discordjs/core": {
      "version": "1.0.0",
      "resolved": "https://registry.npmjs.org/@discordjs/core/-/core-1.0.0.tgz",
      "integrity": "sha512-NmCv8Ebm1ieszEEOVUeS9k6kq9lC/O4OpwU3BCfMgrRUuTh/+q61a616Ayciqzao9c1tfdoZ3AgC8mrxxDZ3oQ==",
      "requires": {
        "@discordjs/rest": "^2.0.0",
        "@discordjs/util": "^1.0.0",
        "@discordjs/ws": "^1.0.0",
        "@sapphire/snowflake": "^3.5.1",
        "@vladfrangu/async_event_emitter": "^2.2.2",
        "discord-api-types": "^0.37.50"
      }
    },
    "@discordjs/rest": {
      "version": "2.0.0",
      "resolved": "https://registry.npmjs.org/@discordjs/rest/-/rest-2.0.0.tgz",
      "integrity": "sha512-CW9ldfzsRzUbHcS4Oqu5+Moo+yrQ5qQ9groKNxPOzcoq2nuXa/fXOXkuQtQHcTeSVXsC9cmJ56M8gBDBUyLgGA==",
      "requires": {
        "@discordjs/collection": "^1.5.2",
        "@discordjs/util": "^1.0.0",
        "@sapphire/async-queue": "^1.5.0",
        "@sapphire/snowflake": "^3.5.1",
        "@vladfrangu/async_event_emitter": "^2.2.2",
        "discord-api-types": "^0.37.50",
        "magic-bytes.js": "^1.0.15",
        "tslib": "^2.6.1",
        "undici": "^5.22.1"
      }
    },
    "@discordjs/util": {
      "version": "1.0.0",
      "resolved": "https://registry.npmjs.org/@discordjs/util/-/util-1.0.0.tgz",
      "integrity": "sha512-U2Iiab0mo8cFe+o4ZY4GROoAetGjFYA1PhhxiXEW82LuPUjOU/seHZDtVjDpOf6n3rz4IRm84wNtgHdpqRY5CA=="
    },
    "@discordjs/uws": {
      "version": "10.149.0",
      "resolved": "https://registry.npmjs.org/@discordjs/uws/-/uws-10.149.0.tgz",
      "integrity": "sha512-N1wjoAD2DOgzevqzyTOWTgyO2divX03JWNQx4JHm/jQ/BRzZNkhwVRO3RC5Guww+srdgs4Tw4gwrzlJrlOhq/Q==",
      "peer": true
    },
    "@discordjs/ws": {
      "version": "1.0.0",
      "resolved": "https://registry.npmjs.org/@discordjs/ws/-/ws-1.0.0.tgz",
      "integrity": "sha512-POiImjuQJzwCxjJs4JCtDcTjzvjVsVQbnsaoW/F03yTVdrj/xSpmgv4383AnpNEYXI+CA6ggkz37phZDsZQ1NQ==",
      "requires": {
        "@discordjs/collection": "^1.5.2",
        "@discordjs/rest": "^2.0.0",
        "@discordjs/util": "^1.0.0",
        "@sapphire/async-queue": "^1.5.0",
        "@types/ws": "^8.5.5",
        "@vladfrangu/async_event_emitter": "^2.2.2",
        "discord-api-types": "^0.37.50",
        "tslib": "^2.6.1",
        "ws": "^8.13.0"
      }
    },
    "@sapphire/async-queue": {
      "version": "1.5.0",
      "resolved": "https://registry.npmjs.org/@sapphire/async-queue/-/async-queue-1.5.0.tgz",
      "integrity": "sha512-JkLdIsP8fPAdh9ZZjrbHWR/+mZj0wvKS5ICibcLrRI1j84UmLMshx5n9QmL8b95d4onJ2xxiyugTgSAX7AalmA=="
    },
    "@sapphire/snowflake": {
      "version": "3.5.1",
      "resolved": "https://registry.npmjs.org/@sapphire/snowflake/-/snowflake-3.5.1.tgz",
      "integrity": "sha512-BxcYGzgEsdlG0dKAyOm0ehLGm2CafIrfQTZGWgkfKYbj+pNNsorZ7EotuZukc2MT70E0UbppVbtpBrqpzVzjNA=="
    },
    "@types/node": {
      "version": "20.4.9",
      "resolved": "https://registry.npmjs.org/@types/node/-/node-20.4.9.tgz",
      "integrity": "sha512-8e2HYcg7ohnTUbHk8focoklEQYvemQmu9M/f43DZVx43kHn0tE3BY/6gSDxS7k0SprtS0NHvj+L80cGLnoOUcQ=="
    },
    "@types/ws": {
      "version": "8.5.5",
      "resolved": "https://registry.npmjs.org/@types/ws/-/ws-8.5.5.tgz",
      "integrity": "sha512-lwhs8hktwxSjf9UaZ9tG5M03PGogvFaH8gUgLNbN9HKIg0dvv6q+gkSuJ8HN4/VbyxkuLzCjlN7GquQ0gUJfIg==",
      "requires": {
        "@types/node": "*"
      }
    },
    "@vladfrangu/async_event_emitter": {
      "version": "2.2.2",
      "resolved": "https://registry.npmjs.org/@vladfrangu/async_event_emitter/-/async_event_emitter-2.2.2.tgz",
      "integrity": "sha512-HIzRG7sy88UZjBJamssEczH5q7t5+axva19UbZLO6u0ySbYPrwzWiXBcC0WuHyhKKoeCyneH+FvYzKQq/zTtkQ=="
    },
    "ansi-regex": {
      "version": "4.1.1",
      "resolved": "https://registry.npmjs.org/ansi-regex/-/ansi-regex-4.1.1.tgz",
      "integrity": "sha512-ILlv4k/3f6vfQ4OoP2AGvirOktlQ98ZEL1k9FaQjxa3L1abBgbuTDAdPOpvbGncC0BTVQrl+OM8xZGK6tWXt7g=="
    },
    "async-limiter": {
      "version": "1.0.1",
      "resolved": "https://registry.npmjs.org/async-limiter/-/async-limiter-1.0.1.tgz",
      "integrity": "sha512-csOlWGAcRFJaI6m+F2WKdnMKr4HhdhFVBk0H/QbJFMCr+uO2kwohwXQPxw/9OCxp05r5ghVBFSyioixx3gfkNQ=="
    },
    "busboy": {
      "version": "1.6.0",
      "resolved": "https://registry.npmjs.org/busboy/-/busboy-1.6.0.tgz",
      "integrity": "sha512-8SFQbg/0hQ9xy3UNTB0YEnsNBbWfhf7RtnzpL7TkBiTBRfrQ9Fxcnz7VJsleJpyp6rVLvXiuORqjlHi5q+PYuA==",
      "requires": {
        "streamsearch": "^1.1.0"
      }
    },
    "discord-api-types": {
      "version": "0.37.52",
      "resolved": "https://registry.npmjs.org/discord-api-types/-/discord-api-types-0.37.52.tgz",
      "integrity": "sha512-TP99aMgY6rHuDIy056GDm1j2nGOcaLbFpjVbvAmv6N6vhkjHNqHXCHVqKtGisaQ8D15slbxTHNl/SSkPdx2syg=="
    },
    "discord.js": {
      "version": "11.5.1",
      "resolved": "https://registry.npmjs.org/discord.js/-/discord.js-11.5.1.tgz",
      "integrity": "sha512-tGhV5xaZXE3Z+4uXJb3hYM6gQ1NmnSxp9PClcsSAYFVRzH6AJH74040mO3afPDMWEAlj8XsoPXXTJHTxesqcGw==",
      "requires": {
        "long": "^4.0.0",
        "prism-media": "^0.0.3",
        "snekfetch": "^3.6.4",
        "tweetnacl": "^1.0.0",
        "ws": "^6.0.0"
      },
      "dependencies": {
        "ws": {
          "version": "6.2.2",
          "resolved": "https://registry.npmjs.org/ws/-/ws-6.2.2.tgz",
          "integrity": "sha512-zmhltoSR8u1cnDsD43TX59mzoMZsLKqUweyYBAIvTngR3shc0W6aOZylZmq/7hqyVxPdi+5Ud2QInblgyE72fw==",
          "requires": {
            "async-limiter": "~1.0.0"
          }
        }
      }
    },
    "dotenv": {
      "version": "16.3.1",
      "resolved": "https://registry.npmjs.org/dotenv/-/dotenv-16.3.1.tgz",
      "integrity": "sha512-IPzF4w4/Rd94bA9imS68tZBaYyBWSCE47V1RGuMrB94iyTOIEwRmVL2x/4An+6mETpLrKJ5hQkB8W4kFAadeIQ=="
    },
    "long": {
      "version": "4.0.0",
      "resolved": "https://registry.npmjs.org/long/-/long-4.0.0.tgz",
      "integrity": "sha512-XsP+KhQif4bjX1kbuSiySJFNAehNxgLb6hPRGJ9QsUr8ajHkuXGdrHmFUTUUXhDwVX2R5bY4JNZEwbUiMhV+MA=="
    },
    "magic-bytes.js": {
      "version": "1.0.15",
      "resolved": "https://registry.npmjs.org/magic-bytes.js/-/magic-bytes.js-1.0.15.tgz",
      "integrity": "sha512-bpRmwbRHqongRhA+mXzbLWjVy7ylqmfMBYaQkSs6pac0z6hBTvsgrH0r4FBYd/UYVJBmS6Rp/O+oCCQVLzKV1g=="
    },
    "prism-media": {
      "version": "0.0.3",
      "resolved": "https://registry.npmjs.org/prism-media/-/prism-media-0.0.3.tgz",
      "integrity": "sha512-c9KkNifSMU/iXT8FFTaBwBMr+rdVcN+H/uNv1o+CuFeTThNZNTOrQ+RgXA1yL/DeLk098duAeRPP3QNPNbhxYQ=="
    },
    "prompt-sync": {
      "version": "4.2.0",
      "resolved": "https://registry.npmjs.org/prompt-sync/-/prompt-sync-4.2.0.tgz",
      "integrity": "sha512-BuEzzc5zptP5LsgV5MZETjDaKSWfchl5U9Luiu8SKp7iZWD5tZalOxvNcZRwv+d2phNFr8xlbxmFNcRKfJOzJw==",
      "requires": {
        "strip-ansi": "^5.0.0"
      }
    },
    "snekfetch": {
      "version": "3.6.4",
      "resolved": "https://registry.npmjs.org/snekfetch/-/snekfetch-3.6.4.tgz",
      "integrity": "sha512-NjxjITIj04Ffqid5lqr7XdgwM7X61c/Dns073Ly170bPQHLm6jkmelye/eglS++1nfTWktpP6Y2bFXjdPlQqdw=="
    },
    "streamsearch": {
      "version": "1.1.0",
      "resolved": "https://registry.npmjs.org/streamsearch/-/streamsearch-1.1.0.tgz",
      "integrity": "sha512-Mcc5wHehp9aXz1ax6bZUyY5afg9u2rv5cqQI3mRrYkGC8rW2hM02jWuwjtL++LS5qinSyhj2QfLyNsuc+VsExg=="
    },
    "strip-ansi": {
      "version": "5.2.0",
      "resolved": "https://registry.npmjs.org/strip-ansi/-/strip-ansi-5.2.0.tgz",
      "integrity": "sha512-DuRs1gKbBqsMKIZlrffwlug8MHkcnpjs5VPmL1PAh+mA30U0DTotfDZ0d2UUsXpPmPmMMJ6W773MaA3J+lbiWA==",
      "requires": {
        "ansi-regex": "^4.1.0"
      }
    },
    "tslib": {
      "version": "2.6.1",
      "resolved": "https://registry.npmjs.org/tslib/-/tslib-2.6.1.tgz",
      "integrity": "sha512-t0hLfiEKfMUoqhG+U1oid7Pva4bbDPHYfJNiB7BiIjRkj1pyC++4N3huJfqY6aRH6VTB0rvtzQwjM4K6qpfOig=="
    },
    "tweetnacl": {
      "version": "1.0.3",
      "resolved": "https://registry.npmjs.org/tweetnacl/-/tweetnacl-1.0.3.tgz",
      "integrity": "sha512-6rt+RN7aOi1nGMyC4Xa5DdYiukl2UWCbcJft7YhxReBGQD7OAM8Pbxw6YMo4r2diNEA8FEmu32YOn9rhaiE5yw=="
    },
    "undici": {
      "version": "5.23.0",
      "resolved": "https://registry.npmjs.org/undici/-/undici-5.23.0.tgz",
      "integrity": "sha512-1D7w+fvRsqlQ9GscLBwcAJinqcZGHUKjbOmXdlE/v8BvEGXjeWAax+341q44EuTcHXXnfyKNbKRq4Lg7OzhMmg==",
      "requires": {
        "busboy": "^1.6.0"
      }
    },
    "ws": {
      "version": "8.13.0",
      "resolved": "https://registry.npmjs.org/ws/-/ws-8.13.0.tgz",
      "integrity": "sha512-x9vcZYTrFPC7aSIbj7sRCYo7L/Xb8Iy+pW0ng0wt2vCJv7M9HOMy0UoN3rr+IFC7hb7vXoqS+P9ktyLLLhO+LA==",
      "requires": {}
    }
  }
}
